
Microsoft Visual Studio Solution File, Format Version 12.00
# Visual Studio Version 16
VisualStudioVersion = 16.0.31019.35
MinimumVisualStudioVersion = 10.0.40219.1
Project("{FAE04EC0-301F-11D3-BF4B-00C04F79EFBC}") = "FlightPlanner", "FlightPlanner\FlightPlanner.csproj", "{B79EEDD7-B79F-40C2-9BE6-4E39EE0A3640}"
EndProject
Global
	GlobalSection(SolutionConfigurationPlatforms) = preSolution
		Debug|Any CPU = Debug|Any CPU
		Release|Any CPU = Release|Any CPU
	EndGlobalSection
	GlobalSection(ProjectConfigurationPlatforms) = postSolution
		{B79EEDD7-B79F-40C2-9BE6-4E39EE0A3640}.Debug|Any CPU.ActiveCfg = Debug|Any CPU
		{B79EEDD7-B79F-40C2-9BE6-4E39EE0A3640}.Debug|Any CPU.Build.0 = Debug|Any CPU
		{B79EEDD7-B79F-40C2-9BE6-4E39EE0A3640}.Release|Any CPU.ActiveCfg = Release|Any CPU
		{B79EEDD7-B79F-40C2-9BE6-4E39EE0A3640}.Release|Any CPU.Build.0 = Release|Any CPU
	EndGlobalSection
	GlobalSection(SolutionProperties) = preSolution
		HideSolutionNode = FALSE
	EndGlobalSection
	GlobalSection(ExtensibilityGlobals) = postSolution
		SolutionGuid = {98133B74-FFE3-4137-AC07-17D931FDF8C0}
	EndGlobalSection
EndGlobal
